
Microsoft Visual Studio Solution File, Format Version 12.00
# Visual Studio Version 16
VisualStudioVersion = 16.0.32106.194
MinimumVisualStudioVersion = 10.0.40219.1
Project("{2150E333-8FDC-42A3-9474-1A3956D46DE8}") = "Project", "Project", "{58A57036-5B7F-4427-9789-D5FDEEA91411}"
EndProject
Project("{FAE04EC0-301F-11D3-BF4B-00C04F79EFBC}") = "CreativeAgency.Website", "src\Project\code\CreativeAgency.Website\CreativeAgency.Website.csproj", "{EA4543A0-4B25-4252-8F7C-6AFFCFE2074C}"
EndProject
Project("{2150E333-8FDC-42A3-9474-1A3956D46DE8}") = "Feature", "Feature", "{CFB2813F-FBFF-4784-8DB3-DD622A9586C8}"
EndProject
Project("{2150E333-8FDC-42A3-9474-1A3956D46DE8}") = "Navigation", "Navigation", "{DCF8A07D-48A9-43A6-B9A1-B608840E9894}"
EndProject
Project("{FAE04EC0-301F-11D3-BF4B-00C04F79EFBC}") = "CreativeAgency.Feature.Navigation", "src\Feature\Navigation\code\CreativeAgency.Feature.Navigation\CreativeAgency.Feature.Navigation.csproj", "{83B44C20-27C5-46CA-A690-86311362CA71}"
EndProject
Project("{CAA73BB0-EF22-4D79-A57E-DF67B3BA9C80}") = "CreativeAgency.Website.Master", "src\Project\tds\master\CreativeAgency.Website.Master\CreativeAgency.Website.Master.scproj", "{F5F149C3-8185-4916-A6F8-CC0D68021213}"
EndProject
Project("{CAA73BB0-EF22-4D79-A57E-DF67B3BA9C80}") = "CreativeAgency.Feature.Navigation.Master", "src\Feature\Navigation\tds\master\CreativeAgency.Feature.Navigation.Master\CreativeAgency.Feature.Navigation.Master.scproj", "{6D62FFD3-DC99-4C20-BE6A-16BBB705ABBD}"
EndProject
Global
	GlobalSection(SolutionConfigurationPlatforms) = preSolution
		Debug|Any CPU = Debug|Any CPU
		Release|Any CPU = Release|Any CPU
	EndGlobalSection
	GlobalSection(ProjectConfigurationPlatforms) = postSolution
		{EA4543A0-4B25-4252-8F7C-6AFFCFE2074C}.Debug|Any CPU.ActiveCfg = Debug|Any CPU
		{EA4543A0-4B25-4252-8F7C-6AFFCFE2074C}.Debug|Any CPU.Build.0 = Debug|Any CPU
		{EA4543A0-4B25-4252-8F7C-6AFFCFE2074C}.Release|Any CPU.ActiveCfg = Release|Any CPU
		{EA4543A0-4B25-4252-8F7C-6AFFCFE2074C}.Release|Any CPU.Build.0 = Release|Any CPU
		{83B44C20-27C5-46CA-A690-86311362CA71}.Debug|Any CPU.ActiveCfg = Debug|Any CPU
		{83B44C20-27C5-46CA-A690-86311362CA71}.Debug|Any CPU.Build.0 = Debug|Any CPU
		{83B44C20-27C5-46CA-A690-86311362CA71}.Release|Any CPU.ActiveCfg = Release|Any CPU
		{83B44C20-27C5-46CA-A690-86311362CA71}.Release|Any CPU.Build.0 = Release|Any CPU
		{F5F149C3-8185-4916-A6F8-CC0D68021213}.Debug|Any CPU.ActiveCfg = Debug|Any CPU
		{F5F149C3-8185-4916-A6F8-CC0D68021213}.Debug|Any CPU.Build.0 = Debug|Any CPU
		{F5F149C3-8185-4916-A6F8-CC0D68021213}.Debug|Any CPU.Deploy.0 = Debug|Any CPU
		{F5F149C3-8185-4916-A6F8-CC0D68021213}.Release|Any CPU.ActiveCfg = Release|Any CPU
		{F5F149C3-8185-4916-A6F8-CC0D68021213}.Release|Any CPU.Build.0 = Release|Any CPU
		{F5F149C3-8185-4916-A6F8-CC0D68021213}.Release|Any CPU.Deploy.0 = Release|Any CPU
		{6D62FFD3-DC99-4C20-BE6A-16BBB705ABBD}.Debug|Any CPU.ActiveCfg = Debug|Any CPU
		{6D62FFD3-DC99-4C20-BE6A-16BBB705ABBD}.Debug|Any CPU.Build.0 = Debug|Any CPU
		{6D62FFD3-DC99-4C20-BE6A-16BBB705ABBD}.Debug|Any CPU.Deploy.0 = Debug|Any CPU
		{6D62FFD3-DC99-4C20-BE6A-16BBB705ABBD}.Release|Any CPU.ActiveCfg = Release|Any CPU
		{6D62FFD3-DC99-4C20-BE6A-16BBB705ABBD}.Release|Any CPU.Build.0 = Release|Any CPU
		{6D62FFD3-DC99-4C20-BE6A-16BBB705ABBD}.Release|Any CPU.Deploy.0 = Release|Any CPU
	EndGlobalSection
	GlobalSection(SolutionProperties) = preSolution
		HideSolutionNode = FALSE
	EndGlobalSection
	GlobalSection(NestedProjects) = preSolution
		{EA4543A0-4B25-4252-8F7C-6AFFCFE2074C} = {58A57036-5B7F-4427-9789-D5FDEEA91411}
		{DCF8A07D-48A9-43A6-B9A1-B608840E9894} = {CFB2813F-FBFF-4784-8DB3-DD622A9586C8}
		{83B44C20-27C5-46CA-A690-86311362CA71} = {DCF8A07D-48A9-43A6-B9A1-B608840E9894}
		{F5F149C3-8185-4916-A6F8-CC0D68021213} = {58A57036-5B7F-4427-9789-D5FDEEA91411}
		{6D62FFD3-DC99-4C20-BE6A-16BBB705ABBD} = {DCF8A07D-48A9-43A6-B9A1-B608840E9894}
	EndGlobalSection
	GlobalSection(ExtensibilityGlobals) = postSolution
		SolutionGuid = {58F45A98-0592-4164-9E7D-E43F91ABF7E6}
	EndGlobalSection
EndGlobal
